<?xml version="1.0" encoding="utf-8"?>
<Project ToolsVersion="4.0" xmlns="http://schemas.microsoft.com/developer/msbuild/2003">
  <ItemGroup>
    <Filter Include="cpp">
      <UniqueIdentifier>{E866880B-5470-887C-DDEB-9E7C49F4937C}</UniqueIdentifier>
    </Filter>
    <Filter Include="include">
      <UniqueIdentifier>{89AF369E-F58E-B539-FEA6-40106A051C9B}</UniqueIdentifier>
    </Filter>
  </ItemGroup>
  <ItemGroup>
    <ClInclude Include="src\include\Date.h">
      <Filter>include</Filter>
    </ClInclude>
    <ClInclude Include="src\include\Klient.h">
      <Filter>include</Filter>
    </ClInclude>
    <ClInclude Include="src\include\ObslugaKlienta.h">
      <Filter>include</Filter>
    </ClInclude>
    <ClInclude Include="src\include\ObslugaRecepcji.h">
      <Filter>include</Filter>
    </ClInclude>
    <ClInclude Include="src\include\ObslugaSprzataczki.h">
      <Filter>include</Filter>
    </ClInclude>
    <ClInclude Include="src\include\Osoba.h">
      <Filter>include</Filter>
    </ClInclude>
    <ClInclude Include="src\include\PodstawowaObsluga.h">
      <Filter>include</Filter>
    </ClInclude>
    <ClInclude Include="src\include\Pokój.h">
      <Filter>include</Filter>
    </ClInclude>
    <ClInclude Include="src\include\Recepcjonista.h">
      <Filter>include</Filter>
    </ClInclude>
    <ClInclude Include="src\include\Rezerwacja.h">
      <Filter>include</Filter>
    </ClInclude>
    <ClInclude Include="src\include\Sprzątaczka.h">
      <Filter>include</Filter>
    </ClInclude>
    <ClInclude Include="src\include\Termin.h">
      <Filter>include</Filter>
    </ClInclude>
    <ClInclude Include="src\include\ZarzadzanieHotelem.h">
      <Filter>include</Filter>
    </ClInclude>
    <ClInclude Include="src\include\ZarzadzaniePokojami.h">
      <Filter>include</Filter>
    </ClInclude>
    <ClInclude Include="src\include\ZarządzanieRezerwacjami.h">
      <Filter>include</Filter>
    </ClInclude>
  </ItemGroup>
  <ItemGroup>
    <ClCompile Include="src\cpp\Date.cpp">
      <Filter>cpp</Filter>
    </ClCompile>
    <ClCompile Include="src\cpp\Klient.cpp">
      <Filter>cpp</Filter>
    </ClCompile>
    <ClCompile Include="src\cpp\ObslugaKlienta.cpp">
      <Filter>cpp</Filter>
    </ClCompile>
    <ClCompile Include="src\cpp\ObslugaRecepcji.cpp">
      <Filter>cpp</Filter>
    </ClCompile>
    <ClCompile Include="src\cpp\ObslugaSprzataczki.cpp">
      <Filter>cpp</Filter>
    </ClCompile>
    <ClCompile Include="src\cpp\Osoba.cpp">
      <Filter>cpp</Filter>
    </ClCompile>
    <ClCompile Include="src\cpp\PodstawowaObsluga.cpp">
      <Filter>cpp</Filter>
    </ClCompile>
    <ClCompile Include="src\cpp\Pokój.cpp">
      <Filter>cpp</Filter>
    </ClCompile>
    <ClCompile Include="src\cpp\Recepcjonista.cpp">
      <Filter>cpp</Filter>
    </ClCompile>
    <ClCompile Include="src\cpp\Rezerwacja.cpp">
      <Filter>cpp</Filter>
    </ClCompile>
    <ClCompile Include="src\cpp\Sprzątaczka.cpp">
      <Filter>cpp</Filter>
    </ClCompile>
    <ClCompile Include="src\cpp\Termin.cpp">
      <Filter>cpp</Filter>
    </ClCompile>
    <ClCompile Include="src\cpp\ZarzadzanieHotelem.cpp">
      <Filter>cpp</Filter>
    </ClCompile>
    <ClCompile Include="src\cpp\ZarzadzaniePokojami.cpp">
      <Filter>cpp</Filter>
    </ClCompile>
    <ClCompile Include="src\cpp\ZarządzanieRezerwacjami.cpp">
      <Filter>cpp</Filter>
    </ClCompile>
    <ClCompile Include="src\cpp\main.cpp">
      <Filter>cpp</Filter>
    </ClCompile>
  </ItemGroup>
</Project>